uuid: 02519b2f-fb31-4858-bba7-da041490fc96
langcode: en
status: true
dependencies:
  module:
    - load_images
    - system
  theme:
    - careerfinder
id: loadimagesblock
theme: careerfinder
region: sidebar_first
weight: -4
provider: null
plugin: load_images_block
settings:
  id: load_images_block
  label: 'Load Images block'
  label_display: '0'
  provider: load_images
visibility:
  request_path:
    id: request_path
    negate: false
    pages: /about-us
